
Microsoft Visual Studio Solution File, Format Version 12.00
# Visual Studio Version 17
VisualStudioVersion = 17.8.34309.116
MinimumVisualStudioVersion = 10.0.40219.1
Project("{8BC9CEB8-8B4A-11D0-8D11-00A0C91BC942}") = "tamrin 5-1", "tamrin 5-1\tamrin 5-1.vcxproj", "{1628DF9C-D3D1-4354-AE38-6EAF3F208FB1}"
EndProject
Global
	GlobalSection(SolutionConfigurationPlatforms) = preSolution
		Debug|x64 = Debug|x64
		Debug|x86 = Debug|x86
		Release|x64 = Release|x64
		Release|x86 = Release|x86
	EndGlobalSection
	GlobalSection(ProjectConfigurationPlatforms) = postSolution
		{1628DF9C-D3D1-4354-AE38-6EAF3F208FB1}.Debug|x64.ActiveCfg = Debug|x64
		{1628DF9C-D3D1-4354-AE38-6EAF3F208FB1}.Debug|x64.Build.0 = Debug|x64
		{1628DF9C-D3D1-4354-AE38-6EAF3F208FB1}.Debug|x86.ActiveCfg = Debug|Win32
		{1628DF9C-D3D1-4354-AE38-6EAF3F208FB1}.Debug|x86.Build.0 = Debug|Win32
		{1628DF9C-D3D1-4354-AE38-6EAF3F208FB1}.Release|x64.ActiveCfg = Release|x64
		{1628DF9C-D3D1-4354-AE38-6EAF3F208FB1}.Release|x64.Build.0 = Release|x64
		{1628DF9C-D3D1-4354-AE38-6EAF3F208FB1}.Release|x86.ActiveCfg = Release|Win32
		{1628DF9C-D3D1-4354-AE38-6EAF3F208FB1}.Release|x86.Build.0 = Release|Win32
	EndGlobalSection
	GlobalSection(SolutionProperties) = preSolution
		HideSolutionNode = FALSE
	EndGlobalSection
	GlobalSection(ExtensibilityGlobals) = postSolution
		SolutionGuid = {79258AD0-D8D7-42DE-85C7-704CD7F11C90}
	EndGlobalSection
EndGlobal
